// !$*UTF8*$!
{
	archiveVersion = 1;
	classes = {
	};
	objectVersion = 46;
	objects = {

/* Begin PBXBuildFile section */
		FA3FB1FA1BFA956A0037B8F0 /* AppDelegate.swift in Sources */ = {isa = PBXBuildFile; fileRef = FA3FB1F91BFA956A0037B8F0 /* AppDelegate.swift */; };
		FA3FB1FC1BFA956A0037B8F0 /* ViewController.swift in Sources */ = {isa = PBXBuildFile; fileRef = FA3FB1FB1BFA956A0037B8F0 /* ViewController.swift */; };
		FA3FB1FF1BFA956A0037B8F0 /* Main.storyboard in Resources */ = {isa = PBXBuildFile; fileRef = FA3FB1FD1BFA956A0037B8F0 /* Main.storyboard */; };
		FA3FB2011BFA956A0037B8F0 /* Assets.xcassets in Resources */ = {isa = PBXBuildFile; fileRef = FA3FB2001BFA956A0037B8F0 /* Assets.xcassets */; };
		FA3FB2041BFA956A0037B8F0 /* LaunchScreen.storyboard in Resources */ = {isa = PBXBuildFile; fileRef = FA3FB2021BFA956A0037B8F0 /* LaunchScreen.storyboard */; };
		FA3FB20F1BFA956A0037B8F0 /* DonorsChooseTests.swift in Sources */ = {isa = PBXBuildFile; fileRef = FA3FB20E1BFA956A0037B8F0 /* DonorsChooseTests.swift */; };
		FA3FB21A1BFA956A0037B8F0 /* DonorsChooseUITests.swift in Sources */ = {isa = PBXBuildFile; fileRef = FA3FB2191BFA956A0037B8F0 /* DonorsChooseUITests.swift */; };
		FA3FB22D1BFA96BE0037B8F0 /* SwiftyJSON.swift in Sources */ = {isa = PBXBuildFile; fileRef = FA3FB22C1BFA96BE0037B8F0 /* SwiftyJSON.swift */; };
		FA3FB22F1BFA9A950037B8F0 /* RestApiManager.swift in Sources */ = {isa = PBXBuildFile; fileRef = FA3FB22E1BFA9A950037B8F0 /* RestApiManager.swift */; };
/* End PBXBuildFile section */

/* Begin PBXContainerItemProxy section */
		FA3FB20B1BFA956A0037B8F0 /* PBXContainerItemProxy */ = {
			isa = PBXContainerItemProxy;
			containerPortal = FA3FB1EE1BFA956A0037B8F0 /* Project object */;
			proxyType = 1;
			remoteGlobalIDString = FA3FB1F51BFA956A0037B8F0;
			remoteInfo = DonorsChoose;
		};
		FA3FB2161BFA956A0037B8F0 /* PBXContainerItemProxy */ = {
			isa = PBXContainerItemProxy;
			containerPortal = FA3FB1EE1BFA956A0037B8F0 /* Project object */;
			proxyType = 1;
			remoteGlobalIDString = FA3FB1F51BFA956A0037B8F0;
			remoteInfo = DonorsChoose;
		};
/* End PBXContainerItemProxy section */

/* Begin PBXFileReference section */
		FA3FB1F61BFA956A0037B8F0 /* DonorsChoose.app */ = {isa = PBXFileReference; explicitFileType = wrapper.application; includeInIndex = 0; path = DonorsChoose.app; sourceTree = BUILT_PRODUCTS_DIR; };
		FA3FB1F91BFA956A0037B8F0 /* AppDelegate.swift */ = {isa = PBXFileReference; lastKnownFileType = sourcecode.swift; path = AppDelegate.swift; sourceTree = "<group>"; };
		FA3FB1FB1BFA956A0037B8F0 /* ViewController.swift */ = {isa = PBXFileReference; lastKnownFileType = sourcecode.swift; path = ViewController.swift; sourceTree = "<group>"; };
		FA3FB1FE1BFA956A0037B8F0 /* Base */ = {isa = PBXFileReference; lastKnownFileType = file.storyboard; name = Base; path = Base.lproj/Main.storyboard; sourceTree = "<group>"; };
		FA3FB2001BFA956A0037B8F0 /* Assets.xcassets */ = {isa = PBXFileReference; lastKnownFileType = folder.assetcatalog; path = Assets.xcassets; sourceTree = "<group>"; };
		FA3FB2031BFA956A0037B8F0 /* Base */ = {isa = PBXFileReference; lastKnownFileType = file.storyboard; name = Base; path = Base.lproj/LaunchScreen.storyboard; sourceTree = "<group>"; };
		FA3FB2051BFA956A0037B8F0 /* Info.plist */ = {isa = PBXFileReference; lastKnownFileType = text.plist.xml; path = Info.plist; sourceTree = "<group>"; };
		FA3FB20A1BFA956A0037B8F0 /* DonorsChooseTests.xctest */ = {isa = PBXFileReference; explicitFileType = wrapper.cfbundle; includeInIndex = 0; path = DonorsChooseTests.xctest; sourceTree = BUILT_PRODUCTS_DIR; };
		FA3FB20E1BFA956A0037B8F0 /* DonorsChooseTests.swift */ = {isa = PBXFileReference; lastKnownFileType = sourcecode.swift; path = DonorsChooseTests.swift; sourceTree = "<group>"; };
		FA3FB2101BFA956A0037B8F0 /* Info.plist */ = {isa = PBXFileReference; lastKnownFileType = text.plist.xml; path = Info.plist; sourceTree = "<group>"; };
		FA3FB2151BFA956A0037B8F0 /* DonorsChooseUITests.xctest */ = {isa = PBXFileReference; explicitFileType = wrapper.cfbundle; includeInIndex = 0; path = DonorsChooseUITests.xctest; sourceTree = BUILT_PRODUCTS_DIR; };
		FA3FB2191BFA956A0037B8F0 /* DonorsChooseUITests.swift */ = {isa = PBXFileReference; lastKnownFileType = sourcecode.swift; path = DonorsChooseUITests.swift; sourceTree = "<group>"; };
		FA3FB21B1BFA956A0037B8F0 /* Info.plist */ = {isa = PBXFileReference; lastKnownFileType = text.plist.xml; path = Info.plist; sourceTree = "<group>"; };
		FA3FB22B1BFA96BE0037B8F0 /* SwiftyJSON.h */ = {isa = PBXFileReference; fileEncoding = 4; lastKnownFileType = sourcecode.c.h; name = SwiftyJSON.h; path = DonorsChoose/SwiftyJSON.h; sourceTree = "<group>"; };
		FA3FB22C1BFA96BE0037B8F0 /* SwiftyJSON.swift */ = {isa = PBXFileReference; fileEncoding = 4; lastKnownFileType = sourcecode.swift; name = SwiftyJSON.swift; path = DonorsChoose/SwiftyJSON.swift; sourceTree = "<group>"; };
		FA3FB22E1BFA9A950037B8F0 /* RestApiManager.swift */ = {isa = PBXFileReference; fileEncoding = 4; lastKnownFileType = sourcecode.swift; name = RestApiManager.swift; path = DonorsChoose/RestApiManager.swift; sourceTree = "<group>"; };
/* End PBXFileReference section */

/* Begin PBXFrameworksBuildPhase section */
		FA3FB1F31BFA956A0037B8F0 /* Frameworks */ = {
			isa = PBXFrameworksBuildPhase;
			buildActionMask = 2147483647;
			files = (
			);
			runOnlyForDeploymentPostprocessing = 0;
		};
		FA3FB2071BFA956A0037B8F0 /* Frameworks */ = {
			isa = PBXFrameworksBuildPhase;
			buildActionMask = 2147483647;
			files = (
			);
			runOnlyForDeploymentPostprocessing = 0;
		};
		FA3FB2121BFA956A0037B8F0 /* Frameworks */ = {
			isa = PBXFrameworksBuildPhase;
			buildActionMask = 2147483647;
			files = (
			);
			runOnlyForDeploymentPostprocessing = 0;
		};
/* End PBXFrameworksBuildPhase section */

/* Begin PBXGroup section */
		FA3FB1ED1BFA956A0037B8F0 = {
			isa = PBXGroup;
			children = (
				FA3FB2271BFA96040037B8F0 /* Helper Classes */,
				FA3FB1F81BFA956A0037B8F0 /* DonorsChoose */,
				FA3FB20D1BFA956A0037B8F0 /* DonorsChooseTests */,
				FA3FB2181BFA956A0037B8F0 /* DonorsChooseUITests */,
				FA3FB1F71BFA956A0037B8F0 /* Products */,
			);
			sourceTree = "<group>";
		};
		FA3FB1F71BFA956A0037B8F0 /* Products */ = {
			isa = PBXGroup;
			children = (
				FA3FB1F61BFA956A0037B8F0 /* DonorsChoose.app */,
				FA3FB20A1BFA956A0037B8F0 /* DonorsChooseTests.xctest */,
				FA3FB2151BFA956A0037B8F0 /* DonorsChooseUITests.xctest */,
			);
			name = Products;
			sourceTree = "<group>";
		};
		FA3FB1F81BFA956A0037B8F0 /* DonorsChoose */ = {
			isa = PBXGroup;
			children = (
				FA3FB1F91BFA956A0037B8F0 /* AppDelegate.swift */,
				FA3FB1FB1BFA956A0037B8F0 /* ViewController.swift */,
				FA3FB1FD1BFA956A0037B8F0 /* Main.storyboard */,
				FA3FB2001BFA956A0037B8F0 /* Assets.xcassets */,
				FA3FB2021BFA956A0037B8F0 /* LaunchScreen.storyboard */,
				FA3FB2051BFA956A0037B8F0 /* Info.plist */,
			);
			path = DonorsChoose;
			sourceTree = "<group>";
		};
		FA3FB20D1BFA956A0037B8F0 /* DonorsChooseTests */ = {
			isa = PBXGroup;
			children = (
				FA3FB20E1BFA956A0037B8F0 /* DonorsChooseTests.swift */,
				FA3FB2101BFA956A0037B8F0 /* Info.plist */,
			);
			path = DonorsChooseTests;
			sourceTree = "<group>";
		};
		FA3FB2181BFA956A0037B8F0 /* DonorsChooseUITests */ = {
			isa = PBXGroup;
			children = (
				FA3FB2191BFA956A0037B8F0 /* DonorsChooseUITests.swift */,
				FA3FB21B1BFA956A0037B8F0 /* Info.plist */,
			);
			path = DonorsChooseUITests;
			sourceTree = "<group>";
		};
		FA3FB2271BFA96040037B8F0 /* Helper Classes */ = {
			isa = PBXGroup;
			children = (
				FA3FB22B1BFA96BE0037B8F0 /* SwiftyJSON.h */,
				FA3FB22C1BFA96BE0037B8F0 /* SwiftyJSON.swift */,
				FA3FB22E1BFA9A950037B8F0 /* RestApiManager.swift */,
			);
			name = "Helper Classes";
			sourceTree = "<group>";
		};
/* End PBXGroup section */

/* Begin PBXNativeTarget section */
		FA3FB1F51BFA956A0037B8F0 /* DonorsChoose */ = {
			isa = PBXNativeTarget;
			buildConfigurationList = FA3FB21E1BFA956A0037B8F0 /* Build configuration list for PBXNativeTarget "DonorsChoose" */;
			buildPhases = (
				FA3FB1F21BFA956A0037B8F0 /* Sources */,
				FA3FB1F31BFA956A0037B8F0 /* Frameworks */,
				FA3FB1F41BFA956A0037B8F0 /* Resources */,
			);
			buildRules = (
			);
			dependencies = (
			);
			name = DonorsChoose;
			productName = DonorsChoose;
			productReference = FA3FB1F61BFA956A0037B8F0 /* DonorsChoose.app */;
			productType = "com.apple.product-type.application";
		};
		FA3FB2091BFA956A0037B8F0 /* DonorsChooseTests */ = {
			isa = PBXNativeTarget;
			buildConfigurationList = FA3FB2211BFA956A0037B8F0 /* Build configuration list for PBXNativeTarget "DonorsChooseTests" */;
			buildPhases = (
				FA3FB2061BFA956A0037B8F0 /* Sources */,
				FA3FB2071BFA956A0037B8F0 /* Frameworks */,
				FA3FB2081BFA956A0037B8F0 /* Resources */,
			);
			buildRules = (
			);
			dependencies = (
				FA3FB20C1BFA956A0037B8F0 /* PBXTargetDependency */,
			);
			name = DonorsChooseTests;
			productName = DonorsChooseTests;
			productReference = FA3FB20A1BFA956A0037B8F0 /* DonorsChooseTests.xctest */;
			productType = "com.apple.product-type.bundle.unit-test";
		};
		FA3FB2141BFA956A0037B8F0 /* DonorsChooseUITests */ = {
			isa = PBXNativeTarget;
			buildConfigurationList = FA3FB2241BFA956A0037B8F0 /* Build configuration list for PBXNativeTarget "DonorsChooseUITests" */;
			buildPhases = (
				FA3FB2111BFA956A0037B8F0 /* Sources */,
				FA3FB2121BFA956A0037B8F0 /* Frameworks */,
				FA3FB2131BFA956A0037B8F0 /* Resources */,
			);
			buildRules = (
			);
			dependencies = (
				FA3FB2171BFA956A0037B8F0 /* PBXTargetDependency */,
			);
			name = DonorsChooseUITests;
			productName = DonorsChooseUITests;
			productReference = FA3FB2151BFA956A0037B8F0 /* DonorsChooseUITests.xctest */;
			productType = "com.apple.product-type.bundle.ui-testing";
		};
/* End PBXNativeTarget section */

/* Begin PBXProject section */
		FA3FB1EE1BFA956A0037B8F0 /* Project object */ = {
			isa = PBXProject;
			attributes = {
				LastSwiftUpdateCheck = 0710;
				LastUpgradeCheck = 0710;
				ORGANIZATIONNAME = MyOrg;
				TargetAttributes = {
					FA3FB1F51BFA956A0037B8F0 = {
						CreatedOnToolsVersion = 7.1;
					};
					FA3FB2091BFA956A0037B8F0 = {
						CreatedOnToolsVersion = 7.1;
						TestTargetID = FA3FB1F51BFA956A0037B8F0;
					};
					FA3FB2141BFA956A0037B8F0 = {
						CreatedOnToolsVersion = 7.1;
						TestTargetID = FA3FB1F51BFA956A0037B8F0;
					};
				};
			};
			buildConfigurationList = FA3FB1F11BFA956A0037B8F0 /* Build configuration list for PBXProject "DonorsChoose" */;
			compatibilityVersion = "Xcode 3.2";
			developmentRegion = English;
			hasScannedForEncodings = 0;
			knownRegions = (
				en,
				Base,
			);
			mainGroup = FA3FB1ED1BFA956A0037B8F0;
			productRefGroup = FA3FB1F71BFA956A0037B8F0 /* Products */;
			projectDirPath = "";
			projectRoot = "";
			targets = (
				FA3FB1F51BFA956A0037B8F0 /* DonorsChoose */,
				FA3FB2091BFA956A0037B8F0 /* DonorsChooseTests */,
				FA3FB2141BFA956A0037B8F0 /* DonorsChooseUITests */,
			);
		};
/* End PBXProject section */

/* Begin PBXResourcesBuildPhase section */
		FA3FB1F41BFA956A0037B8F0 /* Resources */ = {
			isa = PBXResourcesBuildPhase;
			buildActionMask = 2147483647;
			files = (
				FA3FB2041BFA956A0037B8F0 /* LaunchScreen.storyboard in Resources */,
				FA3FB2011BFA956A0037B8F0 /* Assets.xcassets in Resources */,
				FA3FB1FF1BFA956A0037B8F0 /* Main.storyboard in Resources */,
			);
			runOnlyForDeploymentPostprocessing = 0;
		};
		FA3FB2081BFA956A0037B8F0 /* Resources */ = {
			isa = PBXResourcesBuildPhase;
			buildActionMask = 2147483647;
			files = (
			);
			runOnlyForDeploymentPostprocessing = 0;
		};
		FA3FB2131BFA956A0037B8F0 /* Resources */ = {
			isa = PBXResourcesBuildPhase;
			buildActionMask = 2147483647;
			files = (
			);
			runOnlyForDeploymentPostprocessing = 0;
		};
/* End PBXResourcesBuildPhase section */

/* Begin PBXSourcesBuildPhase section */
		FA3FB1F21BFA956A0037B8F0 /* Sources */ = {
			isa = PBXSourcesBuildPhase;
			buildActionMask = 2147483647;
			files = (
				FA3FB22D1BFA96BE0037B8F0 /* SwiftyJSON.swift in Sources */,
				FA3FB1FC1BFA956A0037B8F0 /* ViewController.swift in Sources */,
				FA3FB22F1BFA9A950037B8F0 /* RestApiManager.swift in Sources */,
				FA3FB1FA1BFA956A0037B8F0 /* AppDelegate.swift in Sources */,
			);
			runOnlyForDeploymentPostprocessing = 0;
		};
		FA3FB2061BFA956A0037B8F0 /* Sources */ = {
			isa = PBXSourcesBuildPhase;
			buildActionMask = 2147483647;
			files = (
				FA3FB20F1BFA956A0037B8F0 /* DonorsChooseTests.swift in Sources */,
			);
			runOnlyForDeploymentPostprocessing = 0;
		};
		FA3FB2111BFA956A0037B8F0 /* Sources */ = {
			isa = PBXSourcesBuildPhase;
			buildActionMask = 2147483647;
			files = (
				FA3FB21A1BFA956A0037B8F0 /* DonorsChooseUITests.swift in Sources */,
			);
			runOnlyForDeploymentPostprocessing = 0;
		};
/* End PBXSourcesBuildPhase section */

/* Begin PBXTargetDependency section */
		FA3FB20C1BFA956A0037B8F0 /* PBXTargetDependency */ = {
			isa = PBXTargetDependency;
			target = FA3FB1F51BFA956A0037B8F0 /* DonorsChoose */;
			targetProxy = FA3FB20B1BFA956A0037B8F0 /* PBXContainerItemProxy */;
		};
		FA3FB2171BFA956A0037B8F0 /* PBXTargetDependency */ = {
			isa = PBXTargetDependency;
			target = FA3FB1F51BFA956A0037B8F0 /* DonorsChoose */;
			targetProxy = FA3FB2161BFA956A0037B8F0 /* PBXContainerItemProxy */;
		};
/* End PBXTargetDependency section */

/* Begin PBXVariantGroup section */
		FA3FB1FD1BFA956A0037B8F0 /* Main.storyboard */ = {
			isa = PBXVariantGroup;
			children = (
				FA3FB1FE1BFA956A0037B8F0 /* Base */,
			);
			name = Main.storyboard;
			sourceTree = "<group>";
		};
		FA3FB2021BFA956A0037B8F0 /* LaunchScreen.storyboard */ = {
			isa = PBXVariantGroup;
			children = (
				FA3FB2031BFA956A0037B8F0 /* Base */,
			);
			name = LaunchScreen.storyboard;
			sourceTree = "<group>";
		};
/* End PBXVariantGroup section */

/* Begin XCBuildConfiguration section */
		FA3FB21C1BFA956A0037B8F0 /* Debug */ = {
			isa = XCBuildConfiguration;
			buildSettings = {
				ALWAYS_SEARCH_USER_PATHS = NO;
				CLANG_CXX_LANGUAGE_STANDARD = "gnu++0x";
				CLANG_CXX_LIBRARY = "libc++";
				CLANG_ENABLE_MODULES = YES;
				CLANG_ENABLE_OBJC_ARC = YES;
				CLANG_WARN_BOOL_CONVERSION = YES;
				CLANG_WARN_CONSTANT_CONVERSION = YES;
				CLANG_WARN_DIRECT_OBJC_ISA_USAGE = YES_ERROR;
				CLANG_WARN_EMPTY_BODY = YES;
				CLANG_WARN_ENUM_CONVERSION = YES;
				CLANG_WARN_INT_CONVERSION = YES;
				CLANG_WARN_OBJC_ROOT_CLASS = YES_ERROR;
				CLANG_WARN_UNREACHABLE_CODE = YES;
				CLANG_WARN__DUPLICATE_METHOD_MATCH = YES;
				"CODE_SIGN_IDENTITY[sdk=iphoneos*]" = "iPhone Developer";
				COPY_PHASE_STRIP = NO;
				DEBUG_INFORMATION_FORMAT = dwarf;
				ENABLE_STRICT_OBJC_MSGSEND = YES;
				ENABLE_TESTABILITY = YES;
				GCC_C_LANGUAGE_STANDARD = gnu99;
				GCC_DYNAMIC_NO_PIC = NO;
				GCC_NO_COMMON_BLOCKS = YES;
				GCC_OPTIMIZATION_LEVEL = 0;
				GCC_PREPROCESSOR_DEFINITIONS = (
					"DEBUG=1",
					"$(inherited)",
				);
				GCC_WARN_64_TO_32_BIT_CONVERSION = YES;
				GCC_WARN_ABOUT_RETURN_TYPE = YES_ERROR;
				GCC_WARN_UNDECLARED_SELECTOR = YES;
				GCC_WARN_UNINITIALIZED_AUTOS = YES_AGGRESSIVE;
				GCC_WARN_UNUSED_FUNCTION = YES;
				GCC_WARN_UNUSED_VARIABLE = YES;
				IPHONEOS_DEPLOYMENT_TARGET = 9.1;
				MTL_ENABLE_DEBUG_INFO = YES;
				ONLY_ACTIVE_ARCH = YES;
				SDKROOT = iphoneos;
				SWIFT_OPTIMIZATION_LEVEL = "-Onone";
				TARGETED_DEVICE_FAMILY = "1,2";
			};
			name = Debug;
		};
		FA3FB21D1BFA956A0037B8F0 /* Release */ = {
			isa = XCBuildConfiguration;
			buildSettings = {
				ALWAYS_SEARCH_USER_PATHS = NO;
				CLANG_CXX_LANGUAGE_STANDARD = "gnu++0x";
				CLANG_CXX_LIBRARY = "libc++";
				CLANG_ENABLE_MODULES = YES;
				CLANG_ENABLE_OBJC_ARC = YES;
				CLANG_WARN_BOOL_CONVERSION = YES;
				CLANG_WARN_CONSTANT_CONVERSION = YES;
				CLANG_WARN_DIRECT_OBJC_ISA_USAGE = YES_ERROR;
				CLANG_WARN_EMPTY_BODY = YES;
				CLANG_WARN_ENUM_CONVERSION = YES;
				CLANG_WARN_INT_CONVERSION = YES;
				CLANG_WARN_OBJC_ROOT_CLASS = YES_ERROR;
				CLANG_WARN_UNREACHABLE_CODE = YES;
				CLANG_WARN__DUPLICATE_METHOD_MATCH = YES;
				"CODE_SIGN_IDENTITY[sdk=iphoneos*]" = "iPhone Developer";
				COPY_PHASE_STRIP = NO;
				DEBUG_INFORMATION_FORMAT = "dwarf-with-dsym";
				ENABLE_NS_ASSERTIONS = NO;
				ENABLE_STRICT_OBJC_MSGSEND = YES;
				GCC_C_LANGUAGE_STANDARD = gnu99;
				GCC_NO_COMMON_BLOCKS = YES;
				GCC_WARN_64_TO_32_BIT_CONVERSION = YES;
				GCC_WARN_ABOUT_RETURN_TYPE = YES_ERROR;
				GCC_WARN_UNDECLARED_SELECTOR = YES;
				GCC_WARN_UNINITIALIZED_AUTOS = YES_AGGRESSIVE;
				GCC_WARN_UNUSED_FUNCTION = YES;
				GCC_WARN_UNUSED_VARIABLE = YES;
				IPHONEOS_DEPLOYMENT_TARGET = 9.1;
				MTL_ENABLE_DEBUG_INFO = NO;
				SDKROOT = iphoneos;
				TARGETED_DEVICE_FAMILY = "1,2";
				VALIDATE_PRODUCT = YES;
			};
			name = Release;
		};
		FA3FB21F1BFA956A0037B8F0 /* Debug */ = {
			isa = XCBuildConfiguration;
			buildSettings = {
				ASSETCATALOG_COMPILER_APPICON_NAME = AppIcon;
				INFOPLIST_FILE = DonorsChoose/Info.plist;
				LD_RUNPATH_SEARCH_PATHS = "$(inherited) @executable_path/Frameworks";
				PRODUCT_BUNDLE_IDENTIFIER = com.example.DonorsChoose;
				PRODUCT_NAME = "$(TARGET_NAME)";
			};
			name = Debug;
		};
		FA3FB2201BFA956A0037B8F0 /* Release */ = {
			isa = XCBuildConfiguration;
			buildSettings = {
				ASSETCATALOG_COMPILER_APPICON_NAME = AppIcon;
				INFOPLIST_FILE = DonorsChoose/Info.plist;
				LD_RUNPATH_SEARCH_PATHS = "$(inherited) @executable_path/Frameworks";
				PRODUCT_BUNDLE_IDENTIFIER = com.example.DonorsChoose;
				PRODUCT_NAME = "$(TARGET_NAME)";
			};
			name = Release;
		};
		FA3FB2221BFA956A0037B8F0 /* Debug */ = {
			isa = XCBuildConfiguration;
			buildSettings = {
				BUNDLE_LOADER = "$(TEST_HOST)";
				INFOPLIST_FILE = DonorsChooseTests/Info.plist;
				LD_RUNPATH_SEARCH_PATHS = "$(inherited) @executable_path/Frameworks @loader_path/Frameworks";
				PRODUCT_BUNDLE_IDENTIFIER = com.example.DonorsChooseTests;
				PRODUCT_NAME = "$(TARGET_NAME)";
				TEST_HOST = "$(BUILT_PRODUCTS_DIR)/DonorsChoose.app/DonorsChoose";
			};
			name = Debug;
		};
		FA3FB2231BFA956A0037B8F0 /* Release */ = {
			isa = XCBuildConfiguration;
			buildSettings = {
				BUNDLE_LOADER = "$(TEST_HOST)";
				INFOPLIST_FILE = DonorsChooseTests/Info.plist;
				LD_RUNPATH_SEARCH_PATHS = "$(inherited) @executable_path/Frameworks @loader_path/Frameworks";
				PRODUCT_BUNDLE_IDENTIFIER = com.example.DonorsChooseTests;
				PRODUCT_NAME = "$(TARGET_NAME)";
				TEST_HOST = "$(BUILT_PRODUCTS_DIR)/DonorsChoose.app/DonorsChoose";
			};
			name = Release;
		};
		FA3FB2251BFA956A0037B8F0 /* Debug */ = {
			isa = XCBuildConfiguration;
			buildSettings = {
				INFOPLIST_FILE = DonorsChooseUITests/Info.plist;
				LD_RUNPATH_SEARCH_PATHS = "$(inherited) @executable_path/Frameworks @loader_path/Frameworks";
				PRODUCT_BUNDLE_IDENTIFIER = com.example.DonorsChooseUITests;
				PRODUCT_NAME = "$(TARGET_NAME)";
				TEST_TARGET_NAME = DonorsChoose;
				USES_XCTRUNNER = YES;
			};
			name = Debug;
		};
		FA3FB2261BFA956A0037B8F0 /* Release */ = {
			isa = XCBuildConfiguration;
			buildSettings = {
				INFOPLIST_FILE = DonorsChooseUITests/Info.plist;
				LD_RUNPATH_SEARCH_PATHS = "$(inherited) @executable_path/Frameworks @loader_path/Frameworks";
				PRODUCT_BUNDLE_IDENTIFIER = com.example.DonorsChooseUITests;
				PRODUCT_NAME = "$(TARGET_NAME)";
				TEST_TARGET_NAME = DonorsChoose;
				USES_XCTRUNNER = YES;
			};
			name = Release;
		};
/* End XCBuildConfiguration section */

/* Begin XCConfigurationList section */
		FA3FB1F11BFA956A0037B8F0 /* Build configuration list for PBXProject "DonorsChoose" */ = {
			isa = XCConfigurationList;
			buildConfigurations = (
				FA3FB21C1BFA956A0037B8F0 /* Debug */,
				FA3FB21D1BFA956A0037B8F0 /* Release */,
			);
			defaultConfigurationIsVisible = 0;
			defaultConfigurationName = Release;
		};
		FA3FB21E1BFA956A0037B8F0 /* Build configuration list for PBXNativeTarget "DonorsChoose" */ = {
			isa = XCConfigurationList;
			buildConfigurations = (
				FA3FB21F1BFA956A0037B8F0 /* Debug */,
				FA3FB2201BFA956A0037B8F0 /* Release */,
			);
			defaultConfigurationIsVisible = 0;
		};
		FA3FB2211BFA956A0037B8F0 /* Build configuration list for PBXNativeTarget "DonorsChooseTests" */ = {
			isa = XCConfigurationList;
			buildConfigurations = (
				FA3FB2221BFA956A0037B8F0 /* Debug */,
				FA3FB2231BFA956A0037B8F0 /* Release */,
			);
			defaultConfigurationIsVisible = 0;
		};
		FA3FB2241BFA956A0037B8F0 /* Build configuration list for PBXNativeTarget "DonorsChooseUITests" */ = {
			isa = XCConfigurationList;
			buildConfigurations = (
				FA3FB2251BFA956A0037B8F0 /* Debug */,
				FA3FB2261BFA956A0037B8F0 /* Release */,
			);
			defaultConfigurationIsVisible = 0;
		};
/* End XCConfigurationList section */
	};
	rootObject = FA3FB1EE1BFA956A0037B8F0 /* Project object */;
}
